// !$*UTF8*$!
{
	archiveVersion = 1;
	classes = {
	};
	objectVersion = 46;
	objects = {

/* Begin PBXBuildFile section */
		D1DDE05C1DEB8CD3003BD42D /* main.cpp in Sources */ = {isa = PBXBuildFile; fileRef = D1DDE05B1DEB8CD3003BD42D /* main.cpp */; };
/* End PBXBuildFile section */

/* Begin PBXCopyFilesBuildPhase section */
		D1DDE0561DEB8CD3003BD42D /* CopyFiles */ = {
			isa = PBXCopyFilesBuildPhase;
			buildActionMask = 2147483647;
			dstPath = /usr/share/man/man1/;
			dstSubfolderSpec = 0;
			files = (
			);
			runOnlyForDeploymentPostprocessing = 1;
		};
/* End PBXCopyFilesBuildPhase section */

/* Begin PBXFileReference section */
		D1DDE0581DEB8CD3003BD42D /* IC#2 - Product of Array Integers */ = {isa = PBXFileReference; explicitFileType = "compiled.mach-o.executable"; includeInIndex = 0; path = "IC#2 - Product of Array Integers"; sourceTree = BUILT_PRODUCTS_DIR; };
		D1DDE05B1DEB8CD3003BD42D /* main.cpp */ = {isa = PBXFileReference; lastKnownFileType = sourcecode.cpp.cpp; path = main.cpp; sourceTree = "<group>"; };
/* End PBXFileReference section */

/* Begin PBXFrameworksBuildPhase section */
		D1DDE0551DEB8CD3003BD42D /* Frameworks */ = {
			isa = PBXFrameworksBuildPhase;
			buildActionMask = 2147483647;
			files = (
			);
			runOnlyForDeploymentPostprocessing = 0;
		};
/* End PBXFrameworksBuildPhase section */

/* Begin PBXGroup section */
		D1DDE04F1DEB8CD3003BD42D = {
			isa = PBXGroup;
			children = (
				D1DDE05A1DEB8CD3003BD42D /* IC#2 - Product of Array Integers */,
				D1DDE0591DEB8CD3003BD42D /* Products */,
			);
			sourceTree = "<group>";
		};
		D1DDE0591DEB8CD3003BD42D /* Products */ = {
			isa = PBXGroup;
			children = (
				D1DDE0581DEB8CD3003BD42D /* IC#2 - Product of Array Integers */,
			);
			name = Products;
			sourceTree = "<group>";
		};
		D1DDE05A1DEB8CD3003BD42D /* IC#2 - Product of Array Integers */ = {
			isa = PBXGroup;
			children = (
				D1DDE05B1DEB8CD3003BD42D /* main.cpp */,
			);
			path = "IC#2 - Product of Array Integers";
			sourceTree = "<group>";
		};
/* End PBXGroup section */

/* Begin PBXNativeTarget section */
		D1DDE0571DEB8CD3003BD42D /* IC#2 - Product of Array Integers */ = {
			isa = PBXNativeTarget;
			buildConfigurationList = D1DDE05F1DEB8CD3003BD42D /* Build configuration list for PBXNativeTarget "IC#2 - Product of Array Integers" */;
			buildPhases = (
				D1DDE0541DEB8CD3003BD42D /* Sources */,
				D1DDE0551DEB8CD3003BD42D /* Frameworks */,
				D1DDE0561DEB8CD3003BD42D /* CopyFiles */,
			);
			buildRules = (
			);
			dependencies = (
			);
			name = "IC#2 - Product of Array Integers";
			productName = "IC#2 - Product of Array Integers";
			productReference = D1DDE0581DEB8CD3003BD42D /* IC#2 - Product of Array Integers */;
			productType = "com.apple.product-type.tool";
		};
/* End PBXNativeTarget section */

/* Begin PBXProject section */
		D1DDE0501DEB8CD3003BD42D /* Project object */ = {
			isa = PBXProject;
			attributes = {
				LastUpgradeCheck = 0810;
				ORGANIZATIONNAME = "Ahmed Elhosseiny";
				TargetAttributes = {
					D1DDE0571DEB8CD3003BD42D = {
						CreatedOnToolsVersion = 8.1;
						DevelopmentTeam = ERQ64W6ULS;
						ProvisioningStyle = Automatic;
					};
				};
			};
			buildConfigurationList = D1DDE0531DEB8CD3003BD42D /* Build configuration list for PBXProject "IC#2 - Product of Array Integers" */;
			compatibilityVersion = "Xcode 3.2";
			developmentRegion = English;
			hasScannedForEncodings = 0;
			knownRegions = (
				en,
			);
			mainGroup = D1DDE04F1DEB8CD3003BD42D;
			productRefGroup = D1DDE0591DEB8CD3003BD42D /* Products */;
			projectDirPath = "";
			projectRoot = "";
			targets = (
				D1DDE0571DEB8CD3003BD42D /* IC#2 - Product of Array Integers */,
			);
		};
/* End PBXProject section */

/* Begin PBXSourcesBuildPhase section */
		D1DDE0541DEB8CD3003BD42D /* Sources */ = {
			isa = PBXSourcesBuildPhase;
			buildActionMask = 2147483647;
			files = (
				D1DDE05C1DEB8CD3003BD42D /* main.cpp in Sources */,
			);
			runOnlyForDeploymentPostprocessing = 0;
		};
/* End PBXSourcesBuildPhase section */

/* Begin XCBuildConfiguration section */
		D1DDE05D1DEB8CD3003BD42D /* Debug */ = {
			isa = XCBuildConfiguration;
			buildSettings = {
				ALWAYS_SEARCH_USER_PATHS = NO;
				CLANG_ANALYZER_NONNULL = YES;
				CLANG_CXX_LANGUAGE_STANDARD = "gnu++0x";
				CLANG_CXX_LIBRARY = "libc++";
				CLANG_ENABLE_MODULES = YES;
				CLANG_ENABLE_OBJC_ARC = YES;
				CLANG_WARN_BOOL_CONVERSION = YES;
				CLANG_WARN_CONSTANT_CONVERSION = YES;
				CLANG_WARN_DIRECT_OBJC_ISA_USAGE = YES_ERROR;
				CLANG_WARN_DOCUMENTATION_COMMENTS = YES;
				CLANG_WARN_EMPTY_BODY = YES;
				CLANG_WARN_ENUM_CONVERSION = YES;
				CLANG_WARN_INFINITE_RECURSION = YES;
				CLANG_WARN_INT_CONVERSION = YES;
				CLANG_WARN_OBJC_ROOT_CLASS = YES_ERROR;
				CLANG_WARN_SUSPICIOUS_MOVES = YES;
				CLANG_WARN_UNREACHABLE_CODE = YES;
				CLANG_WARN__DUPLICATE_METHOD_MATCH = YES;
				CODE_SIGN_IDENTITY = "-";
				COPY_PHASE_STRIP = NO;
				DEBUG_INFORMATION_FORMAT = dwarf;
				ENABLE_STRICT_OBJC_MSGSEND = YES;
				ENABLE_TESTABILITY = YES;
				GCC_C_LANGUAGE_STANDARD = gnu99;
				GCC_DYNAMIC_NO_PIC = NO;
				GCC_NO_COMMON_BLOCKS = YES;
				GCC_OPTIMIZATION_LEVEL = 0;
				GCC_PREPROCESSOR_DEFINITIONS = (
					"DEBUG=1",
					"$(inherited)",
				);
				GCC_WARN_64_TO_32_BIT_CONVERSION = YES;
				GCC_WARN_ABOUT_RETURN_TYPE = YES_ERROR;
				GCC_WARN_UNDECLARED_SELECTOR = YES;
				GCC_WARN_UNINITIALIZED_AUTOS = YES_AGGRESSIVE;
				GCC_WARN_UNUSED_FUNCTION = YES;
				GCC_WARN_UNUSED_VARIABLE = YES;
				MACOSX_DEPLOYMENT_TARGET = 10.12;
				MTL_ENABLE_DEBUG_INFO = YES;
				ONLY_ACTIVE_ARCH = YES;
				SDKROOT = macosx;
			};
			name = Debug;
		};
		D1DDE05E1DEB8CD3003BD42D /* Release */ = {
			isa = XCBuildConfiguration;
			buildSettings = {
				ALWAYS_SEARCH_USER_PATHS = NO;
				CLANG_ANALYZER_NONNULL = YES;
				CLANG_CXX_LANGUAGE_STANDARD = "gnu++0x";
				CLANG_CXX_LIBRARY = "libc++";
				CLANG_ENABLE_MODULES = YES;
				CLANG_ENABLE_OBJC_ARC = YES;
				CLANG_WARN_BOOL_CONVERSION = YES;
				CLANG_WARN_CONSTANT_CONVERSION = YES;
				CLANG_WARN_DIRECT_OBJC_ISA_USAGE = YES_ERROR;
				CLANG_WARN_DOCUMENTATION_COMMENTS = YES;
				CLANG_WARN_EMPTY_BODY = YES;
				CLANG_WARN_ENUM_CONVERSION = YES;
				CLANG_WARN_INFINITE_RECURSION = YES;
				CLANG_WARN_INT_CONVERSION = YES;
				CLANG_WARN_OBJC_ROOT_CLASS = YES_ERROR;
				CLANG_WARN_SUSPICIOUS_MOVES = YES;
				CLANG_WARN_UNREACHABLE_CODE = YES;
				CLANG_WARN__DUPLICATE_METHOD_MATCH = YES;
				CODE_SIGN_IDENTITY = "-";
				COPY_PHASE_STRIP = NO;
				DEBUG_INFORMATION_FORMAT = "dwarf-with-dsym";
				ENABLE_NS_ASSERTIONS = NO;
				ENABLE_STRICT_OBJC_MSGSEND = YES;
				GCC_C_LANGUAGE_STANDARD = gnu99;
				GCC_NO_COMMON_BLOCKS = YES;
				GCC_WARN_64_TO_32_BIT_CONVERSION = YES;
				GCC_WARN_ABOUT_RETURN_TYPE = YES_ERROR;
				GCC_WARN_UNDECLARED_SELECTOR = YES;
				GCC_WARN_UNINITIALIZED_AUTOS = YES_AGGRESSIVE;
				GCC_WARN_UNUSED_FUNCTION = YES;
				GCC_WARN_UNUSED_VARIABLE = YES;
				MACOSX_DEPLOYMENT_TARGET = 10.12;
				MTL_ENABLE_DEBUG_INFO = NO;
				SDKROOT = macosx;
			};
			name = Release;
		};
		D1DDE0601DEB8CD3003BD42D /* Debug */ = {
			isa = XCBuildConfiguration;
			buildSettings = {
				DEVELOPMENT_TEAM = ERQ64W6ULS;
				PRODUCT_NAME = "$(TARGET_NAME)";
			};
			name = Debug;
		};
		D1DDE0611DEB8CD3003BD42D /* Release */ = {
			isa = XCBuildConfiguration;
			buildSettings = {
				DEVELOPMENT_TEAM = ERQ64W6ULS;
				PRODUCT_NAME = "$(TARGET_NAME)";
			};
			name = Release;
		};
/* End XCBuildConfiguration section */

/* Begin XCConfigurationList section */
		D1DDE0531DEB8CD3003BD42D /* Build configuration list for PBXProject "IC#2 - Product of Array Integers" */ = {
			isa = XCConfigurationList;
			buildConfigurations = (
				D1DDE05D1DEB8CD3003BD42D /* Debug */,
				D1DDE05E1DEB8CD3003BD42D /* Release */,
			);
			defaultConfigurationIsVisible = 0;
			defaultConfigurationName = Release;
		};
		D1DDE05F1DEB8CD3003BD42D /* Build configuration list for PBXNativeTarget "IC#2 - Product of Array Integers" */ = {
			isa = XCConfigurationList;
			buildConfigurations = (
				D1DDE0601DEB8CD3003BD42D /* Debug */,
				D1DDE0611DEB8CD3003BD42D /* Release */,
			);
			defaultConfigurationIsVisible = 0;
		};
/* End XCConfigurationList section */
	};
	rootObject = D1DDE0501DEB8CD3003BD42D /* Project object */;
}
